{
  "name": "@ecosyste-ms/mcp",
  "version": "1.0.2",
  "lockfileVersion": 3,
  "requires": true,
  "packages": {
    "": {
      "name": "@ecosyste-ms/mcp",
      "version": "1.0.2",
      "license": "MIT",
      "dependencies": {
        "@ecosyste-ms/critical": "^1.1.0"
      },
      "bin": {
        "ecosystems-mcp": "index.js"
      },
      "engines": {
        "node": ">=22.5.0"
      }
    },
    "node_modules/@ecosyste-ms/critical": {
      "version": "1.1.0",
      "resolved": "https://registry.npmjs.org/@ecosyste-ms/critical/-/critical-1.1.0.tgz",
      "integrity": "sha512-4yQmTKPAh+OaHuqU0e2W0DMw+0yqICqY4oLmr+ODS5r3tGfMyRc8Wj1KciDLH+C5wHIpxljLQjS6m7h+1s2sUg==",
      "license": "CC-BY-SA-4.0",
      "bin": {
        "critical": "bin.js"
      },
      "engines": {
        "node": ">=22.5.0"
      }
    }
  }
}
