{
  "name": "@ecosyste-ms/mcp",
  "version": "1.0.2",
  "lockfileVersion": 3,
  "requires": true,
  "packages": {
    "": {
      "name": "@ecosyste-ms/mcp",
      "version": "1.0.2",
      "license": "MIT",
      "dependencies": {
        "@ecosyste-ms/critical": "^1.1.0"
      },
      "bin": {
        "ecosystems-mcp": "index.js"
      },
      "engines": {
        "node": ">=22.5.0"
      }
    },
    "node_modules/@ecosyste-ms/critical": {
      "version": "1.1.20260602",
      "resolved": "https://registry.npmjs.org/@ecosyste-ms/critical/-/critical-1.1.20260602.tgz",
      "integrity": "sha512-12TF+9iBHeVy6u2kceo0bBqesx4dNhoh8HvsyNOzR7P0VKZoZWiVvMebMhVVQTf2LuyiGNusftXZ8wTLqHCPug==",
      "license": "CC-BY-SA-4.0",
      "bin": {
        "critical": "bin.js"
      },
      "engines": {
        "node": ">=22.5.0"
      }
    }
  }
}
